{
  "object": {
    "pins": [
      {
        "package": "TvOSAVPlayer",
        "repositoryURL": "https://github.com/rajasekharsourcebits/ios-Framework.git",
        "state": {
          "branch": null,
          "revision": "07a443df57465e910651ecdca63e83fdf381cd2a",
          "version": "0.2.0"
        }
      }
    ]
  },
  "version": 1
}
