{
  "object": {
    "pins": [
      {
        "package": "TvOSAVPlayer",
        "repositoryURL": "https://github.com/rajasekharsourcebits/ios-Framework.git",
        "state": {
          "branch": null,
          "revision": "dc3ebd67d76812b8e22129176f9595c788525ca2",
          "version": "0.2.1"
        }
      }
    ]
  },
  "version": 1
}
